
Microsoft Visual Studio Solution File, Format Version 12.00
# Visual Studio Version 16
VisualStudioVersion = 16.0.29728.190
MinimumVisualStudioVersion = 10.0.40219.1
Project("{9A19103F-16F7-4668-BE54-9A1E7A4F7556}") = "EchoServer", "EchoServer\EchoServer.csproj", "{96B6E94B-55AA-409A-B2B0-0815964327E8}"
EndProject
Project("{FAE04EC0-301F-11D3-BF4B-00C04F79EFBC}") = "EchoClient", "EchoClient\EchoClient.csproj", "{325C7A3E-E9CF-475B-8CC9-8533A24A20BC}"
EndProject
Global
	GlobalSection(SolutionConfigurationPlatforms) = preSolution
		Debug|Any CPU = Debug|Any CPU
		Release|Any CPU = Release|Any CPU
	EndGlobalSection
	GlobalSection(ProjectConfigurationPlatforms) = postSolution
		{96B6E94B-55AA-409A-B2B0-0815964327E8}.Debug|Any CPU.ActiveCfg = Debug|Any CPU
		{96B6E94B-55AA-409A-B2B0-0815964327E8}.Debug|Any CPU.Build.0 = Debug|Any CPU
		{96B6E94B-55AA-409A-B2B0-0815964327E8}.Release|Any CPU.ActiveCfg = Release|Any CPU
		{96B6E94B-55AA-409A-B2B0-0815964327E8}.Release|Any CPU.Build.0 = Release|Any CPU
		{325C7A3E-E9CF-475B-8CC9-8533A24A20BC}.Debug|Any CPU.ActiveCfg = Debug|Any CPU
		{325C7A3E-E9CF-475B-8CC9-8533A24A20BC}.Debug|Any CPU.Build.0 = Debug|Any CPU
		{325C7A3E-E9CF-475B-8CC9-8533A24A20BC}.Release|Any CPU.ActiveCfg = Release|Any CPU
		{325C7A3E-E9CF-475B-8CC9-8533A24A20BC}.Release|Any CPU.Build.0 = Release|Any CPU
	EndGlobalSection
	GlobalSection(SolutionProperties) = preSolution
		HideSolutionNode = FALSE
	EndGlobalSection
	GlobalSection(ExtensibilityGlobals) = postSolution
		SolutionGuid = {A0190886-E094-4FC6-901F-18848718F0AB}
	EndGlobalSection
EndGlobal
